# This file is generated by running "yarn install" inside your project.
# Manual changes might be lost - proceed with caution!

__metadata:
  version: 6
  cacheKey: 8

"@alloc/quick-lru@npm:^5.2.0":
  version: 5.2.0
  resolution: "@alloc/quick-lru@npm:5.2.0"
  checksum: bdc35758b552bcf045733ac047fb7f9a07c4678b944c641adfbd41f798b4b91fffd0fdc0df2578d9b0afc7b4d636aa6e110ead5d6281a2adc1ab90efd7f057f8
  languageName: node
  linkType: hard

"@ampproject/remapping@npm:^2.3.0":
  version: 2.3.0
  resolution: "@ampproject/remapping@npm:2.3.0"
  dependencies:
    "@jridgewell/gen-mapping": ^0.3.5
    "@jridgewell/trace-mapping": ^0.3.24
  checksum: d3ad7b89d973df059c4e8e6d7c972cbeb1bb2f18f002a3bd04ae0707da214cb06cc06929b65aa2313b9347463df2914772298bae8b1d7973f246bb3f2ab3e8f0
  languageName: node
  linkType: hard

"@emnapi/core@npm:^1.4.3":
  version: 1.4.5
  resolution: "@emnapi/core@npm:1.4.5"
  dependencies:
    "@emnapi/wasi-threads": 1.0.4
    tslib: ^2.4.0
  checksum: ae4800fe2bcc1c790e588ce19e299fa85c6e1fe2a4ac44eda26be1ad4220b6121de18a735d5fa81307a86576fe2038ab53bde5f8f6aa3708b9276d6600a50b52
  languageName: node
  linkType: hard

"@emnapi/runtime@npm:^1.4.3, @emnapi/runtime@npm:^1.4.4":
  version: 1.4.5
  resolution: "@emnapi/runtime@npm:1.4.5"
  dependencies:
    tslib: ^2.4.0
  checksum: 99ab25d55cf1ceeec12f83b60f48e744f8e1dfc8d52a2ed81b3b09bf15182e61ef55f25b69d51ec83044861bddaa4404e7c3285bf71dd518a7980867e41c2a10
  languageName: node
  linkType: hard

"@emnapi/wasi-threads@npm:1.0.4, @emnapi/wasi-threads@npm:^1.0.2":
  version: 1.0.4
  resolution: "@emnapi/wasi-threads@npm:1.0.4"
  dependencies:
    tslib: ^2.4.0
  checksum: 106cbb0c86e0e5a8830a3262105a6531e09ebcc21724f0da64ec49d76d87cbf894e0afcbc3a3621a104abf7465e3f758bffb5afa61a308c31abc847525c10d93
  languageName: node
  linkType: hard

"@emotion/is-prop-valid@npm:1.2.2":
  version: 1.2.2
  resolution: "@emotion/is-prop-valid@npm:1.2.2"
  dependencies:
    "@emotion/memoize": ^0.8.1
  checksum: 61f6b128ea62b9f76b47955057d5d86fcbe2a6989d2cd1e583daac592901a950475a37d049b9f7a7c6aa8758a33b408735db759fdedfd1f629df0f85ab60ea25
  languageName: node
  linkType: hard

"@emotion/memoize@npm:^0.8.1":
  version: 0.8.1
  resolution: "@emotion/memoize@npm:0.8.1"
  checksum: a19cc01a29fcc97514948eaab4dc34d8272e934466ed87c07f157887406bc318000c69ae6f813a9001c6a225364df04249842a50e692ef7a9873335fbcc141b0
  languageName: node
  linkType: hard

"@emotion/unitless@npm:0.8.1":
  version: 0.8.1
  resolution: "@emotion/unitless@npm:0.8.1"
  checksum: 385e21d184d27853bb350999471f00e1429fa4e83182f46cd2c164985999d9b46d558dc8b9cc89975cb337831ce50c31ac2f33b15502e85c299892e67e7b4a88
  languageName: node
  linkType: hard

"@img/sharp-darwin-arm64@npm:0.34.3":
  version: 0.34.3
  resolution: "@img/sharp-darwin-arm64@npm:0.34.3"
  dependencies:
    "@img/sharp-libvips-darwin-arm64": 1.2.0
  dependenciesMeta:
    "@img/sharp-libvips-darwin-arm64":
      optional: true
  conditions: os=darwin & cpu=arm64
  languageName: node
  linkType: hard

"@img/sharp-darwin-x64@npm:0.34.3":
  version: 0.34.3
  resolution: "@img/sharp-darwin-x64@npm:0.34.3"
  dependencies:
    "@img/sharp-libvips-darwin-x64": 1.2.0
  dependenciesMeta:
    "@img/sharp-libvips-darwin-x64":
      optional: true
  conditions: os=darwin & cpu=x64
  languageName: node
  linkType: hard

"@img/sharp-libvips-darwin-arm64@npm:1.2.0":
  version: 1.2.0
  resolution: "@img/sharp-libvips-darwin-arm64@npm:1.2.0"
  conditions: os=darwin & cpu=arm64
  languageName: node
  linkType: hard

"@img/sharp-libvips-darwin-x64@npm:1.2.0":
  version: 1.2.0
  resolution: "@img/sharp-libvips-darwin-x64@npm:1.2.0"
  conditions: os=darwin & cpu=x64
  languageName: node
  linkType: hard

"@img/sharp-libvips-linux-arm64@npm:1.2.0":
  version: 1.2.0
  resolution: "@img/sharp-libvips-linux-arm64@npm:1.2.0"
  conditions: os=linux & cpu=arm64 & libc=glibc
  languageName: node
  linkType: hard

"@img/sharp-libvips-linux-arm@npm:1.2.0":
  version: 1.2.0
  resolution: "@img/sharp-libvips-linux-arm@npm:1.2.0"
  conditions: os=linux & cpu=arm & libc=glibc
  languageName: node
  linkType: hard

"@img/sharp-libvips-linux-ppc64@npm:1.2.0":
  version: 1.2.0
  resolution: "@img/sharp-libvips-linux-ppc64@npm:1.2.0"
  conditions: os=linux & cpu=ppc64 & libc=glibc
  languageName: node
  linkType: hard

"@img/sharp-libvips-linux-s390x@npm:1.2.0":
  version: 1.2.0
  resolution: "@img/sharp-libvips-linux-s390x@npm:1.2.0"
  conditions: os=linux & cpu=s390x & libc=glibc
  languageName: node
  linkType: hard

"@img/sharp-libvips-linux-x64@npm:1.2.0":
  version: 1.2.0
  resolution: "@img/sharp-libvips-linux-x64@npm:1.2.0"
  conditions: os=linux & cpu=x64 & libc=glibc
  languageName: node
  linkType: hard

"@img/sharp-libvips-linuxmusl-arm64@npm:1.2.0":
  version: 1.2.0
  resolution: "@img/sharp-libvips-linuxmusl-arm64@npm:1.2.0"
  conditions: os=linux & cpu=arm64 & libc=musl
  languageName: node
  linkType: hard

"@img/sharp-libvips-linuxmusl-x64@npm:1.2.0":
  version: 1.2.0
  resolution: "@img/sharp-libvips-linuxmusl-x64@npm:1.2.0"
  conditions: os=linux & cpu=x64 & libc=musl
  languageName: node
  linkType: hard

"@img/sharp-linux-arm64@npm:0.34.3":
  version: 0.34.3
  resolution: "@img/sharp-linux-arm64@npm:0.34.3"
  dependencies:
    "@img/sharp-libvips-linux-arm64": 1.2.0
  dependenciesMeta:
    "@img/sharp-libvips-linux-arm64":
      optional: true
  conditions: os=linux & cpu=arm64 & libc=glibc
  languageName: node
  linkType: hard

"@img/sharp-linux-arm@npm:0.34.3":
  version: 0.34.3
  resolution: "@img/sharp-linux-arm@npm:0.34.3"
  dependencies:
    "@img/sharp-libvips-linux-arm": 1.2.0
  dependenciesMeta:
    "@img/sharp-libvips-linux-arm":
      optional: true
  conditions: os=linux & cpu=arm & libc=glibc
  languageName: node
  linkType: hard

"@img/sharp-linux-ppc64@npm:0.34.3":
  version: 0.34.3
  resolution: "@img/sharp-linux-ppc64@npm:0.34.3"
  dependencies:
    "@img/sharp-libvips-linux-ppc64": 1.2.0
  dependenciesMeta:
    "@img/sharp-libvips-linux-ppc64":
      optional: true
  conditions: os=linux & cpu=ppc64 & libc=glibc
  languageName: node
  linkType: hard

"@img/sharp-linux-s390x@npm:0.34.3":
  version: 0.34.3
  resolution: "@img/sharp-linux-s390x@npm:0.34.3"
  dependencies:
    "@img/sharp-libvips-linux-s390x": 1.2.0
  dependenciesMeta:
    "@img/sharp-libvips-linux-s390x":
      optional: true
  conditions: os=linux & cpu=s390x & libc=glibc
  languageName: node
  linkType: hard

"@img/sharp-linux-x64@npm:0.34.3":
  version: 0.34.3
  resolution: "@img/sharp-linux-x64@npm:0.34.3"
  dependencies:
    "@img/sharp-libvips-linux-x64": 1.2.0
  dependenciesMeta:
    "@img/sharp-libvips-linux-x64":
      optional: true
  conditions: os=linux & cpu=x64 & libc=glibc
  languageName: node
  linkType: hard

"@img/sharp-linuxmusl-arm64@npm:0.34.3":
  version: 0.34.3
  resolution: "@img/sharp-linuxmusl-arm64@npm:0.34.3"
  dependencies:
    "@img/sharp-libvips-linuxmusl-arm64": 1.2.0
  dependenciesMeta:
    "@img/sharp-libvips-linuxmusl-arm64":
      optional: true
  conditions: os=linux & cpu=arm64 & libc=musl
  languageName: node
  linkType: hard

"@img/sharp-linuxmusl-x64@npm:0.34.3":
  version: 0.34.3
  resolution: "@img/sharp-linuxmusl-x64@npm:0.34.3"
  dependencies:
    "@img/sharp-libvips-linuxmusl-x64": 1.2.0
  dependenciesMeta:
    "@img/sharp-libvips-linuxmusl-x64":
      optional: true
  conditions: os=linux & cpu=x64 & libc=musl
  languageName: node
  linkType: hard

"@img/sharp-wasm32@npm:0.34.3":
  version: 0.34.3
  resolution: "@img/sharp-wasm32@npm:0.34.3"
  dependencies:
    "@emnapi/runtime": ^1.4.4
  conditions: cpu=wasm32
  languageName: node
  linkType: hard

"@img/sharp-win32-arm64@npm:0.34.3":
  version: 0.34.3
  resolution: "@img/sharp-win32-arm64@npm:0.34.3"
  conditions: os=win32 & cpu=arm64
  languageName: node
  linkType: hard

"@img/sharp-win32-ia32@npm:0.34.3":
  version: 0.34.3
  resolution: "@img/sharp-win32-ia32@npm:0.34.3"
  conditions: os=win32 & cpu=ia32
  languageName: node
  linkType: hard

"@img/sharp-win32-x64@npm:0.34.3":
  version: 0.34.3
  resolution: "@img/sharp-win32-x64@npm:0.34.3"
  conditions: os=win32 & cpu=x64
  languageName: node
  linkType: hard

"@isaacs/fs-minipass@npm:^4.0.0":
  version: 4.0.1
  resolution: "@isaacs/fs-minipass@npm:4.0.1"
  dependencies:
    minipass: ^7.0.4
  checksum: 5d36d289960e886484362d9eb6a51d1ea28baed5f5d0140bbe62b99bac52eaf06cc01c2bc0d3575977962f84f6b2c4387b043ee632216643d4787b0999465bf2
  languageName: node
  linkType: hard

"@jridgewell/gen-mapping@npm:^0.3.5":
  version: 0.3.12
  resolution: "@jridgewell/gen-mapping@npm:0.3.12"
  dependencies:
    "@jridgewell/sourcemap-codec": ^1.5.0
    "@jridgewell/trace-mapping": ^0.3.24
  checksum: 56ee1631945084897f274e65348afbaca7970ce92e3c23b3a23b2fe5d0d2f0c67614f0df0f2bb070e585e944bbaaf0c11cee3a36318ab8a36af46f2fd566bc40
  languageName: node
  linkType: hard

"@jridgewell/resolve-uri@npm:^3.1.0":
  version: 3.1.2
  resolution: "@jridgewell/resolve-uri@npm:3.1.2"
  checksum: 83b85f72c59d1c080b4cbec0fef84528963a1b5db34e4370fa4bd1e3ff64a0d80e0cee7369d11d73c704e0286fb2865b530acac7a871088fbe92b5edf1000870
  languageName: node
  linkType: hard

"@jridgewell/sourcemap-codec@npm:^1.4.14, @jridgewell/sourcemap-codec@npm:^1.5.0":
  version: 1.5.4
  resolution: "@jridgewell/sourcemap-codec@npm:1.5.4"
  checksum: 959093724bfbc7c1c9aadc08066154f5c1f2acc647b45bd59beec46922cbfc6a9eda4a2114656de5bc00bb3600e420ea9a4cb05e68dcf388619f573b77bd9f0c
  languageName: node
  linkType: hard

"@jridgewell/trace-mapping@npm:^0.3.24":
  version: 0.3.29
  resolution: "@jridgewell/trace-mapping@npm:0.3.29"
  dependencies:
    "@jridgewell/resolve-uri": ^3.1.0
    "@jridgewell/sourcemap-codec": ^1.4.14
  checksum: 5e92eeafa5131a4f6b7122063833d657f885cb581c812da54f705d7a599ff36a75a4a093a83b0f6c7e95642f5772dd94753f696915e8afea082237abf7423ca3
  languageName: node
  linkType: hard

"@napi-rs/wasm-runtime@npm:^0.2.11":
  version: 0.2.12
  resolution: "@napi-rs/wasm-runtime@npm:0.2.12"
  dependencies:
    "@emnapi/core": ^1.4.3
    "@emnapi/runtime": ^1.4.3
    "@tybys/wasm-util": ^0.10.0
  checksum: 676271082b2e356623faa1fefd552a82abb8c00f8218e333091851456c52c81686b98f77fcd119b9b2f4f215d924e4b23acd6401d9934157c80da17be783ec3d
  languageName: node
  linkType: hard

"@next/env@npm:15.4.2":
  version: 15.4.2
  resolution: "@next/env@npm:15.4.2"
  checksum: ed05824446e04ae7c919bbe8b0c9bbbceee50d1b22fbd8dc0ddbbc4786bd19b9d2c028e92b5e20cee32c3edb831d3176dec5f7c5e50c1f56a745584f3180fd5c
  languageName: node
  linkType: hard

"@next/swc-darwin-arm64@npm:15.4.2":
  version: 15.4.2
  resolution: "@next/swc-darwin-arm64@npm:15.4.2"
  conditions: os=darwin & cpu=arm64
  languageName: node
  linkType: hard

"@next/swc-darwin-x64@npm:15.4.2":
  version: 15.4.2
  resolution: "@next/swc-darwin-x64@npm:15.4.2"
  conditions: os=darwin & cpu=x64
  languageName: node
  linkType: hard

"@next/swc-linux-arm64-gnu@npm:15.4.2":
  version: 15.4.2
  resolution: "@next/swc-linux-arm64-gnu@npm:15.4.2"
  conditions: os=linux & cpu=arm64 & libc=glibc
  languageName: node
  linkType: hard

"@next/swc-linux-arm64-musl@npm:15.4.2":
  version: 15.4.2
  resolution: "@next/swc-linux-arm64-musl@npm:15.4.2"
  conditions: os=linux & cpu=arm64 & libc=musl
  languageName: node
  linkType: hard

"@next/swc-linux-x64-gnu@npm:15.4.2":
  version: 15.4.2
  resolution: "@next/swc-linux-x64-gnu@npm:15.4.2"
  conditions: os=linux & cpu=x64 & libc=glibc
  languageName: node
  linkType: hard

"@next/swc-linux-x64-musl@npm:15.4.2":
  version: 15.4.2
  resolution: "@next/swc-linux-x64-musl@npm:15.4.2"
  conditions: os=linux & cpu=x64 & libc=musl
  languageName: node
  linkType: hard

"@next/swc-win32-arm64-msvc@npm:15.4.2":
  version: 15.4.2
  resolution: "@next/swc-win32-arm64-msvc@npm:15.4.2"
  conditions: os=win32 & cpu=arm64
  languageName: node
  linkType: hard

"@next/swc-win32-x64-msvc@npm:15.4.2":
  version: 15.4.2
  resolution: "@next/swc-win32-x64-msvc@npm:15.4.2"
  conditions: os=win32 & cpu=x64
  languageName: node
  linkType: hard

"@swc/helpers@npm:0.5.15":
  version: 0.5.15
  resolution: "@swc/helpers@npm:0.5.15"
  dependencies:
    tslib: ^2.8.0
  checksum: 1a9e0dbb792b2d1e0c914d69c201dbc96af3a0e6e6e8cf5a7f7d6a5d7b0e8b762915cd4447acb6b040e2ecc1ed49822875a7239f99a2d63c96c3c3407fb6fccf
  languageName: node
  linkType: hard

"@tailwindcss/node@npm:4.1.11":
  version: 4.1.11
  resolution: "@tailwindcss/node@npm:4.1.11"
  dependencies:
    "@ampproject/remapping": ^2.3.0
    enhanced-resolve: ^5.18.1
    jiti: ^2.4.2
    lightningcss: 1.30.1
    magic-string: ^0.30.17
    source-map-js: ^1.2.1
    tailwindcss: 4.1.11
  checksum: b6485dc0302473daa8ae7f71c3a1412e2789aa38feeb0364ff8b6a3664215fb958a6bdbf5bd3923be3a7c5baa5c5c80eb5527b8c7fc667ef652405a416d91dbc
  languageName: node
  linkType: hard

"@tailwindcss/oxide-android-arm64@npm:4.1.11":
  version: 4.1.11
  resolution: "@tailwindcss/oxide-android-arm64@npm:4.1.11"
  conditions: os=android & cpu=arm64
  languageName: node
  linkType: hard

"@tailwindcss/oxide-darwin-arm64@npm:4.1.11":
  version: 4.1.11
  resolution: "@tailwindcss/oxide-darwin-arm64@npm:4.1.11"
  conditions: os=darwin & cpu=arm64
  languageName: node
  linkType: hard

"@tailwindcss/oxide-darwin-x64@npm:4.1.11":
  version: 4.1.11
  resolution: "@tailwindcss/oxide-darwin-x64@npm:4.1.11"
  conditions: os=darwin & cpu=x64
  languageName: node
  linkType: hard

"@tailwindcss/oxide-freebsd-x64@npm:4.1.11":
  version: 4.1.11
  resolution: "@tailwindcss/oxide-freebsd-x64@npm:4.1.11"
  conditions: os=freebsd & cpu=x64
  languageName: node
  linkType: hard

"@tailwindcss/oxide-linux-arm-gnueabihf@npm:4.1.11":
  version: 4.1.11
  resolution: "@tailwindcss/oxide-linux-arm-gnueabihf@npm:4.1.11"
  conditions: os=linux & cpu=arm
  languageName: node
  linkType: hard

"@tailwindcss/oxide-linux-arm64-gnu@npm:4.1.11":
  version: 4.1.11
  resolution: "@tailwindcss/oxide-linux-arm64-gnu@npm:4.1.11"
  conditions: os=linux & cpu=arm64 & libc=glibc
  languageName: node
  linkType: hard

"@tailwindcss/oxide-linux-arm64-musl@npm:4.1.11":
  version: 4.1.11
  resolution: "@tailwindcss/oxide-linux-arm64-musl@npm:4.1.11"
  conditions: os=linux & cpu=arm64 & libc=musl
  languageName: node
  linkType: hard

"@tailwindcss/oxide-linux-x64-gnu@npm:4.1.11":
  version: 4.1.11
  resolution: "@tailwindcss/oxide-linux-x64-gnu@npm:4.1.11"
  conditions: os=linux & cpu=x64 & libc=glibc
  languageName: node
  linkType: hard

"@tailwindcss/oxide-linux-x64-musl@npm:4.1.11":
  version: 4.1.11
  resolution: "@tailwindcss/oxide-linux-x64-musl@npm:4.1.11"
  conditions: os=linux & cpu=x64 & libc=musl
  languageName: node
  linkType: hard

"@tailwindcss/oxide-wasm32-wasi@npm:4.1.11":
  version: 4.1.11
  resolution: "@tailwindcss/oxide-wasm32-wasi@npm:4.1.11"
  dependencies:
    "@emnapi/core": ^1.4.3
    "@emnapi/runtime": ^1.4.3
    "@emnapi/wasi-threads": ^1.0.2
    "@napi-rs/wasm-runtime": ^0.2.11
    "@tybys/wasm-util": ^0.9.0
    tslib: ^2.8.0
  conditions: cpu=wasm32
  languageName: node
  linkType: hard

"@tailwindcss/oxide-win32-arm64-msvc@npm:4.1.11":
  version: 4.1.11
  resolution: "@tailwindcss/oxide-win32-arm64-msvc@npm:4.1.11"
  conditions: os=win32 & cpu=arm64
  languageName: node
  linkType: hard

"@tailwindcss/oxide-win32-x64-msvc@npm:4.1.11":
  version: 4.1.11
  resolution: "@tailwindcss/oxide-win32-x64-msvc@npm:4.1.11"
  conditions: os=win32 & cpu=x64
  languageName: node
  linkType: hard

"@tailwindcss/oxide@npm:4.1.11":
  version: 4.1.11
  resolution: "@tailwindcss/oxide@npm:4.1.11"
  dependencies:
    "@tailwindcss/oxide-android-arm64": 4.1.11
    "@tailwindcss/oxide-darwin-arm64": 4.1.11
    "@tailwindcss/oxide-darwin-x64": 4.1.11
    "@tailwindcss/oxide-freebsd-x64": 4.1.11
    "@tailwindcss/oxide-linux-arm-gnueabihf": 4.1.11
    "@tailwindcss/oxide-linux-arm64-gnu": 4.1.11
    "@tailwindcss/oxide-linux-arm64-musl": 4.1.11
    "@tailwindcss/oxide-linux-x64-gnu": 4.1.11
    "@tailwindcss/oxide-linux-x64-musl": 4.1.11
    "@tailwindcss/oxide-wasm32-wasi": 4.1.11
    "@tailwindcss/oxide-win32-arm64-msvc": 4.1.11
    "@tailwindcss/oxide-win32-x64-msvc": 4.1.11
    detect-libc: ^2.0.4
    tar: ^7.4.3
  dependenciesMeta:
    "@tailwindcss/oxide-android-arm64":
      optional: true
    "@tailwindcss/oxide-darwin-arm64":
      optional: true
    "@tailwindcss/oxide-darwin-x64":
      optional: true
    "@tailwindcss/oxide-freebsd-x64":
      optional: true
    "@tailwindcss/oxide-linux-arm-gnueabihf":
      optional: true
    "@tailwindcss/oxide-linux-arm64-gnu":
      optional: true
    "@tailwindcss/oxide-linux-arm64-musl":
      optional: true
    "@tailwindcss/oxide-linux-x64-gnu":
      optional: true
    "@tailwindcss/oxide-linux-x64-musl":
      optional: true
    "@tailwindcss/oxide-wasm32-wasi":
      optional: true
    "@tailwindcss/oxide-win32-arm64-msvc":
      optional: true
    "@tailwindcss/oxide-win32-x64-msvc":
      optional: true
  checksum: 2bfe3bd53e4c50a0aa32571e5a18f2199530207ffa909fcb22f3f49bab43ae7997e44d5f37b2c2f41513e7f926838447beff24d63baca77cbff2fe82bc259492
  languageName: node
  linkType: hard

"@tailwindcss/postcss@npm:^4":
  version: 4.1.11
  resolution: "@tailwindcss/postcss@npm:4.1.11"
  dependencies:
    "@alloc/quick-lru": ^5.2.0
    "@tailwindcss/node": 4.1.11
    "@tailwindcss/oxide": 4.1.11
    postcss: ^8.4.41
    tailwindcss: 4.1.11
  checksum: d22201025bfdd574939021e40075f11670086b6f56db929513fbc165f11a74711f55de4a904ce0ec5110272377b88430c1a8aa080bce6c4434034203cd6e6a8c
  languageName: node
  linkType: hard

"@tybys/wasm-util@npm:^0.10.0":
  version: 0.10.0
  resolution: "@tybys/wasm-util@npm:0.10.0"
  dependencies:
    tslib: ^2.4.0
  checksum: c3034e0535b91f28dc74c72fc538f353cda0fa9107bb313e8b89f101402b7dc8e400442d07560775cdd7cb63d33549867ed776372fbaa41dc68bcd108e5cff8a
  languageName: node
  linkType: hard

"@tybys/wasm-util@npm:^0.9.0":
  version: 0.9.0
  resolution: "@tybys/wasm-util@npm:0.9.0"
  dependencies:
    tslib: ^2.4.0
  checksum: 8d44c64e64e39c746e45b5dff7b534716f20e1f6e8fc206f8e4c8ac454ec0eb35b65646e446dd80745bc898db37a4eca549a936766d447c2158c9c43d44e7708
  languageName: node
  linkType: hard

"@types/stylis@npm:4.2.5":
  version: 4.2.5
  resolution: "@types/stylis@npm:4.2.5"
  checksum: 24f91719db5569979e9e2f197e050ef82e1fd72474e8dc45bca38d48ee56481eae0f0d4a7ac172540d7774b45a2a78d901a4c6d07bba77a33dbccff464ea3edf
  languageName: node
  linkType: hard

"azchain-platform@workspace:.":
  version: 0.0.0-use.local
  resolution: "azchain-platform@workspace:."
  dependencies:
    "@tailwindcss/postcss": ^4
    next: 15.4.2
    react: 19.1.0
    react-dom: 19.1.0
    styled-components: ^6.1.13
    swiper: ^11.1.15
    tailwindcss: ^4
  languageName: unknown
  linkType: soft

"camelize@npm:^1.0.0":
  version: 1.0.1
  resolution: "camelize@npm:1.0.1"
  checksum: 91d8611d09af725e422a23993890d22b2b72b4cabf7239651856950c76b4bf53fe0d0da7c5e4db05180e898e4e647220e78c9fbc976113bd96d603d1fcbfcb99
  languageName: node
  linkType: hard

"caniuse-lite@npm:^1.0.30001579":
  version: 1.0.30001727
  resolution: "caniuse-lite@npm:1.0.30001727"
  checksum: 2bc6112f242701198a99c17713d4409be9b404d09005f34f351ec29a4ea46c054e7aa4982bc16f06b81b7a375cbc61c937e89650170cbce84db772a376ed3963
  languageName: node
  linkType: hard

"chownr@npm:^3.0.0":
  version: 3.0.0
  resolution: "chownr@npm:3.0.0"
  checksum: fd73a4bab48b79e66903fe1cafbdc208956f41ea4f856df883d0c7277b7ab29fd33ee65f93b2ec9192fc0169238f2f8307b7735d27c155821d886b84aa97aa8d
  languageName: node
  linkType: hard

"client-only@npm:0.0.1":
  version: 0.0.1
  resolution: "client-only@npm:0.0.1"
  checksum: 0c16bf660dadb90610553c1d8946a7fdfb81d624adea073b8440b7d795d5b5b08beb3c950c6a2cf16279365a3265158a236876d92bce16423c485c322d7dfaf8
  languageName: node
  linkType: hard

"color-convert@npm:^2.0.1":
  version: 2.0.1
  resolution: "color-convert@npm:2.0.1"
  dependencies:
    color-name: ~1.1.4
  checksum: 79e6bdb9fd479a205c71d89574fccfb22bd9053bd98c6c4d870d65c132e5e904e6034978e55b43d69fcaa7433af2016ee203ce76eeba9cfa554b373e7f7db336
  languageName: node
  linkType: hard

"color-name@npm:^1.0.0, color-name@npm:~1.1.4":
  version: 1.1.4
  resolution: "color-name@npm:1.1.4"
  checksum: b0445859521eb4021cd0fb0cc1a75cecf67fceecae89b63f62b201cca8d345baf8b952c966862a9d9a2632987d4f6581f0ec8d957dfacece86f0a7919316f610
  languageName: node
  linkType: hard

"color-string@npm:^1.9.0":
  version: 1.9.1
  resolution: "color-string@npm:1.9.1"
  dependencies:
    color-name: ^1.0.0
    simple-swizzle: ^0.2.2
  checksum: c13fe7cff7885f603f49105827d621ce87f4571d78ba28ef4a3f1a104304748f620615e6bf065ecd2145d0d9dad83a3553f52bb25ede7239d18e9f81622f1cc5
  languageName: node
  linkType: hard

"color@npm:^4.2.3":
  version: 4.2.3
  resolution: "color@npm:4.2.3"
  dependencies:
    color-convert: ^2.0.1
    color-string: ^1.9.0
  checksum: 0579629c02c631b426780038da929cca8e8d80a40158b09811a0112a107c62e10e4aad719843b791b1e658ab4e800558f2e87ca4522c8b32349d497ecb6adeb4
  languageName: node
  linkType: hard

"css-color-keywords@npm:^1.0.0":
  version: 1.0.0
  resolution: "css-color-keywords@npm:1.0.0"
  checksum: 8f125e3ad477bd03c77b533044bd9e8a6f7c0da52d49bbc0bbe38327b3829d6ba04d368ca49dd9ff3b667d2fc8f1698d891c198bbf8feade1a5501bf5a296408
  languageName: node
  linkType: hard

"css-to-react-native@npm:3.2.0":
  version: 3.2.0
  resolution: "css-to-react-native@npm:3.2.0"
  dependencies:
    camelize: ^1.0.0
    css-color-keywords: ^1.0.0
    postcss-value-parser: ^4.0.2
  checksum: 263be65e805aef02c3f20c064665c998a8c35293e1505dbe6e3054fb186b01a9897ac6cf121f9840e5a9dfe3fb3994f6fcd0af84a865f1df78ba5bf89e77adce
  languageName: node
  linkType: hard

"csstype@npm:3.1.3":
  version: 3.1.3
  resolution: "csstype@npm:3.1.3"
  checksum: 8db785cc92d259102725b3c694ec0c823f5619a84741b5c7991b8ad135dfaa66093038a1cc63e03361a6cd28d122be48f2106ae72334e067dd619a51f49eddf7
  languageName: node
  linkType: hard

"detect-libc@npm:^2.0.3, detect-libc@npm:^2.0.4":
  version: 2.0.4
  resolution: "detect-libc@npm:2.0.4"
  checksum: 3d186b7d4e16965e10e21db596c78a4e131f9eee69c0081d13b85e6a61d7448d3ba23fe7997648022bdfa3b0eb4cc3c289a44c8188df949445a20852689abef6
  languageName: node
  linkType: hard

"enhanced-resolve@npm:^5.18.1":
  version: 5.18.2
  resolution: "enhanced-resolve@npm:5.18.2"
  dependencies:
    graceful-fs: ^4.2.4
    tapable: ^2.2.0
  checksum: af8c0f19cc414f69d7595507576db470c7435f550e7aa1d46292c40aaf1fe03c4d714c495bc31aa927f90887faa8880db428c8bca4dc1595844853ab2195ee25
  languageName: node
  linkType: hard

"graceful-fs@npm:^4.2.4":
  version: 4.2.11
  resolution: "graceful-fs@npm:4.2.11"
  checksum: ac85f94da92d8eb6b7f5a8b20ce65e43d66761c55ce85ac96df6865308390da45a8d3f0296dd3a663de65d30ba497bd46c696cc1e248c72b13d6d567138a4fc7
  languageName: node
  linkType: hard

"is-arrayish@npm:^0.3.1":
  version: 0.3.2
  resolution: "is-arrayish@npm:0.3.2"
  checksum: 977e64f54d91c8f169b59afcd80ff19227e9f5c791fa28fa2e5bce355cbaf6c2c356711b734656e80c9dd4a854dd7efcf7894402f1031dfc5de5d620775b4d5f
  languageName: node
  linkType: hard

"jiti@npm:^2.4.2":
  version: 2.4.2
  resolution: "jiti@npm:2.4.2"
  bin:
    jiti: lib/jiti-cli.mjs
  checksum: c6c30c7b6b293e9f26addfb332b63d964a9f143cdd2cf5e946dbe5143db89f7c1b50ad9223b77fb1f6ddb0b9c5ecef995fea024ecf7d2861d285d779cde66e1e
  languageName: node
  linkType: hard

"lightningcss-darwin-arm64@npm:1.30.1":
  version: 1.30.1
  resolution: "lightningcss-darwin-arm64@npm:1.30.1"
  conditions: os=darwin & cpu=arm64
  languageName: node
  linkType: hard

"lightningcss-darwin-x64@npm:1.30.1":
  version: 1.30.1
  resolution: "lightningcss-darwin-x64@npm:1.30.1"
  conditions: os=darwin & cpu=x64
  languageName: node
  linkType: hard

"lightningcss-freebsd-x64@npm:1.30.1":
  version: 1.30.1
  resolution: "lightningcss-freebsd-x64@npm:1.30.1"
  conditions: os=freebsd & cpu=x64
  languageName: node
  linkType: hard

"lightningcss-linux-arm-gnueabihf@npm:1.30.1":
  version: 1.30.1
  resolution: "lightningcss-linux-arm-gnueabihf@npm:1.30.1"
  conditions: os=linux & cpu=arm
  languageName: node
  linkType: hard

"lightningcss-linux-arm64-gnu@npm:1.30.1":
  version: 1.30.1
  resolution: "lightningcss-linux-arm64-gnu@npm:1.30.1"
  conditions: os=linux & cpu=arm64 & libc=glibc
  languageName: node
  linkType: hard

"lightningcss-linux-arm64-musl@npm:1.30.1":
  version: 1.30.1
  resolution: "lightningcss-linux-arm64-musl@npm:1.30.1"
  conditions: os=linux & cpu=arm64 & libc=musl
  languageName: node
  linkType: hard

"lightningcss-linux-x64-gnu@npm:1.30.1":
  version: 1.30.1
  resolution: "lightningcss-linux-x64-gnu@npm:1.30.1"
  conditions: os=linux & cpu=x64 & libc=glibc
  languageName: node
  linkType: hard

"lightningcss-linux-x64-musl@npm:1.30.1":
  version: 1.30.1
  resolution: "lightningcss-linux-x64-musl@npm:1.30.1"
  conditions: os=linux & cpu=x64 & libc=musl
  languageName: node
  linkType: hard

"lightningcss-win32-arm64-msvc@npm:1.30.1":
  version: 1.30.1
  resolution: "lightningcss-win32-arm64-msvc@npm:1.30.1"
  conditions: os=win32 & cpu=arm64
  languageName: node
  linkType: hard

"lightningcss-win32-x64-msvc@npm:1.30.1":
  version: 1.30.1
  resolution: "lightningcss-win32-x64-msvc@npm:1.30.1"
  conditions: os=win32 & cpu=x64
  languageName: node
  linkType: hard

"lightningcss@npm:1.30.1":
  version: 1.30.1
  resolution: "lightningcss@npm:1.30.1"
  dependencies:
    detect-libc: ^2.0.3
    lightningcss-darwin-arm64: 1.30.1
    lightningcss-darwin-x64: 1.30.1
    lightningcss-freebsd-x64: 1.30.1
    lightningcss-linux-arm-gnueabihf: 1.30.1
    lightningcss-linux-arm64-gnu: 1.30.1
    lightningcss-linux-arm64-musl: 1.30.1
    lightningcss-linux-x64-gnu: 1.30.1
    lightningcss-linux-x64-musl: 1.30.1
    lightningcss-win32-arm64-msvc: 1.30.1
    lightningcss-win32-x64-msvc: 1.30.1
  dependenciesMeta:
    lightningcss-darwin-arm64:
      optional: true
    lightningcss-darwin-x64:
      optional: true
    lightningcss-freebsd-x64:
      optional: true
    lightningcss-linux-arm-gnueabihf:
      optional: true
    lightningcss-linux-arm64-gnu:
      optional: true
    lightningcss-linux-arm64-musl:
      optional: true
    lightningcss-linux-x64-gnu:
      optional: true
    lightningcss-linux-x64-musl:
      optional: true
    lightningcss-win32-arm64-msvc:
      optional: true
    lightningcss-win32-x64-msvc:
      optional: true
  checksum: cda1e15c2060ffcf8b07c2bf5489eb108a3c836c4d90c3afda7669114099b83fa0b1f28e4db380eb4cd1e7e071b06897bda82379e5981ba15258dc3103ecf507
  languageName: node
  linkType: hard

"magic-string@npm:^0.30.17":
  version: 0.30.17
  resolution: "magic-string@npm:0.30.17"
  dependencies:
    "@jridgewell/sourcemap-codec": ^1.5.0
  checksum: f4b4ed17c5ada64f77fc98491847302ebad64894a905c417c943840c0384662118c9b37f9f68bb86add159fa4749ff6f118c4627d69a470121b46731f8debc6d
  languageName: node
  linkType: hard

"minipass@npm:^7.0.4, minipass@npm:^7.1.2":
  version: 7.1.2
  resolution: "minipass@npm:7.1.2"
  checksum: 2bfd325b95c555f2b4d2814d49325691c7bee937d753814861b0b49d5edcda55cbbf22b6b6a60bb91eddac8668771f03c5ff647dcd9d0f798e9548b9cdc46ee3
  languageName: node
  linkType: hard

"minizlib@npm:^3.0.1":
  version: 3.0.2
  resolution: "minizlib@npm:3.0.2"
  dependencies:
    minipass: ^7.1.2
  checksum: 493bed14dcb6118da7f8af356a8947cf1473289c09658e5aabd69a737800a8c3b1736fb7d7931b722268a9c9bc038a6d53c049b6a6af24b34a121823bb709996
  languageName: node
  linkType: hard

"mkdirp@npm:^3.0.1":
  version: 3.0.1
  resolution: "mkdirp@npm:3.0.1"
  bin:
    mkdirp: dist/cjs/src/bin.js
  checksum: 972deb188e8fb55547f1e58d66bd6b4a3623bf0c7137802582602d73e6480c1c2268dcbafbfb1be466e00cc7e56ac514d7fd9334b7cf33e3e2ab547c16f83a8d
  languageName: node
  linkType: hard

"nanoid@npm:^3.3.11, nanoid@npm:^3.3.6, nanoid@npm:^3.3.7":
  version: 3.3.11
  resolution: "nanoid@npm:3.3.11"
  bin:
    nanoid: bin/nanoid.cjs
  checksum: 3be20d8866a57a6b6d218e82549711c8352ed969f9ab3c45379da28f405363ad4c9aeb0b39e9abc101a529ca65a72ff9502b00bf74a912c4b64a9d62dfd26c29
  languageName: node
  linkType: hard

"next@npm:15.4.2":
  version: 15.4.2
  resolution: "next@npm:15.4.2"
  dependencies:
    "@next/env": 15.4.2
    "@next/swc-darwin-arm64": 15.4.2
    "@next/swc-darwin-x64": 15.4.2
    "@next/swc-linux-arm64-gnu": 15.4.2
    "@next/swc-linux-arm64-musl": 15.4.2
    "@next/swc-linux-x64-gnu": 15.4.2
    "@next/swc-linux-x64-musl": 15.4.2
    "@next/swc-win32-arm64-msvc": 15.4.2
    "@next/swc-win32-x64-msvc": 15.4.2
    "@swc/helpers": 0.5.15
    caniuse-lite: ^1.0.30001579
    postcss: 8.4.31
    sharp: ^0.34.3
    styled-jsx: 5.1.6
  peerDependencies:
    "@opentelemetry/api": ^1.1.0
    "@playwright/test": ^1.51.1
    babel-plugin-react-compiler: "*"
    react: ^18.2.0 || 19.0.0-rc-de68d2f4-20241204 || ^19.0.0
    react-dom: ^18.2.0 || 19.0.0-rc-de68d2f4-20241204 || ^19.0.0
    sass: ^1.3.0
  dependenciesMeta:
    "@next/swc-darwin-arm64":
      optional: true
    "@next/swc-darwin-x64":
      optional: true
    "@next/swc-linux-arm64-gnu":
      optional: true
    "@next/swc-linux-arm64-musl":
      optional: true
    "@next/swc-linux-x64-gnu":
      optional: true
    "@next/swc-linux-x64-musl":
      optional: true
    "@next/swc-win32-arm64-msvc":
      optional: true
    "@next/swc-win32-x64-msvc":
      optional: true
    sharp:
      optional: true
  peerDependenciesMeta:
    "@opentelemetry/api":
      optional: true
    "@playwright/test":
      optional: true
    babel-plugin-react-compiler:
      optional: true
    sass:
      optional: true
  bin:
    next: dist/bin/next
  checksum: ce15ad7c87abc18fc0df3b9c80c159e7d97b5a073fd35445071090a2d51b8ac00273cf9322ad17aff4496d069383bf2b964a976b335b6e7720f0b350df187c37
  languageName: node
  linkType: hard

"picocolors@npm:^1.0.0, picocolors@npm:^1.1.1":
  version: 1.1.1
  resolution: "picocolors@npm:1.1.1"
  checksum: e1cf46bf84886c79055fdfa9dcb3e4711ad259949e3565154b004b260cd356c5d54b31a1437ce9782624bf766272fe6b0154f5f0c744fb7af5d454d2b60db045
  languageName: node
  linkType: hard

"postcss-value-parser@npm:^4.0.2":
  version: 4.2.0
  resolution: "postcss-value-parser@npm:4.2.0"
  checksum: 819ffab0c9d51cf0acbabf8996dffbfafbafa57afc0e4c98db88b67f2094cb44488758f06e5da95d7036f19556a4a732525e84289a425f4f6fd8e412a9d7442f
  languageName: node
  linkType: hard

"postcss@npm:8.4.31":
  version: 8.4.31
  resolution: "postcss@npm:8.4.31"
  dependencies:
    nanoid: ^3.3.6
    picocolors: ^1.0.0
    source-map-js: ^1.0.2
  checksum: 1d8611341b073143ad90486fcdfeab49edd243377b1f51834dc4f6d028e82ce5190e4f11bb2633276864503654fb7cab28e67abdc0fbf9d1f88cad4a0ff0beea
  languageName: node
  linkType: hard

"postcss@npm:8.4.49":
  version: 8.4.49
  resolution: "postcss@npm:8.4.49"
  dependencies:
    nanoid: ^3.3.7
    picocolors: ^1.1.1
    source-map-js: ^1.2.1
  checksum: eb5d6cbdca24f50399aafa5d2bea489e4caee4c563ea1edd5a2485bc5f84e9ceef3febf170272bc83a99c31d23a316ad179213e853f34c2a7a8ffa534559d63a
  languageName: node
  linkType: hard

"postcss@npm:^8.4.41":
  version: 8.5.6
  resolution: "postcss@npm:8.5.6"
  dependencies:
    nanoid: ^3.3.11
    picocolors: ^1.1.1
    source-map-js: ^1.2.1
  checksum: 20f3b5d673ffeec2b28d65436756d31ee33f65b0a8bedb3d32f556fbd5973be38c3a7fb5b959a5236c60a5db7b91b0a6b14ffaac0d717dce1b903b964ee1c1bb
  languageName: node
  linkType: hard

"react-dom@npm:19.1.0":
  version: 19.1.0
  resolution: "react-dom@npm:19.1.0"
  dependencies:
    scheduler: ^0.26.0
  peerDependencies:
    react: ^19.1.0
  checksum: 1d154b6543467095ac269e61ca59db546f34ef76bcdeb90f2dad41d682cd210aae492e70c85010ed5d0a2caea225e9a55139ebc1a615ee85bf197d7f99678cdf
  languageName: node
  linkType: hard

"react@npm:19.1.0":
  version: 19.1.0
  resolution: "react@npm:19.1.0"
  checksum: c0905f8cfb878b0543a5522727e5ed79c67c8111dc16ceee135b7fe19dce77b2c1c19293513061a8934e721292bfc1517e0487e262d1906f306bdf95fa54d02f
  languageName: node
  linkType: hard

"scheduler@npm:^0.26.0":
  version: 0.26.0
  resolution: "scheduler@npm:0.26.0"
  checksum: c63a9f1c0e5089b537231cff6c11f75455b5c8625ae09535c1d7cd0a1b0c77ceecdd9f1074e5e063da5d8dc11e73e8033dcac3361791088be08a6e60c0283ed9
  languageName: node
  linkType: hard

"semver@npm:^7.7.2":
  version: 7.7.2
  resolution: "semver@npm:7.7.2"
  bin:
    semver: bin/semver.js
  checksum: dd94ba8f1cbc903d8eeb4dd8bf19f46b3deb14262b6717d0de3c804b594058ae785ef2e4b46c5c3b58733c99c83339068203002f9e37cfe44f7e2cc5e3d2f621
  languageName: node
  linkType: hard

"shallowequal@npm:1.1.0":
  version: 1.1.0
  resolution: "shallowequal@npm:1.1.0"
  checksum: f4c1de0837f106d2dbbfd5d0720a5d059d1c66b42b580965c8f06bb1db684be8783538b684092648c981294bf817869f743a066538771dbecb293df78f765e00
  languageName: node
  linkType: hard

"sharp@npm:^0.34.3":
  version: 0.34.3
  resolution: "sharp@npm:0.34.3"
  dependencies:
    "@img/sharp-darwin-arm64": 0.34.3
    "@img/sharp-darwin-x64": 0.34.3
    "@img/sharp-libvips-darwin-arm64": 1.2.0
    "@img/sharp-libvips-darwin-x64": 1.2.0
    "@img/sharp-libvips-linux-arm": 1.2.0
    "@img/sharp-libvips-linux-arm64": 1.2.0
    "@img/sharp-libvips-linux-ppc64": 1.2.0
    "@img/sharp-libvips-linux-s390x": 1.2.0
    "@img/sharp-libvips-linux-x64": 1.2.0
    "@img/sharp-libvips-linuxmusl-arm64": 1.2.0
    "@img/sharp-libvips-linuxmusl-x64": 1.2.0
    "@img/sharp-linux-arm": 0.34.3
    "@img/sharp-linux-arm64": 0.34.3
    "@img/sharp-linux-ppc64": 0.34.3
    "@img/sharp-linux-s390x": 0.34.3
    "@img/sharp-linux-x64": 0.34.3
    "@img/sharp-linuxmusl-arm64": 0.34.3
    "@img/sharp-linuxmusl-x64": 0.34.3
    "@img/sharp-wasm32": 0.34.3
    "@img/sharp-win32-arm64": 0.34.3
    "@img/sharp-win32-ia32": 0.34.3
    "@img/sharp-win32-x64": 0.34.3
    color: ^4.2.3
    detect-libc: ^2.0.4
    semver: ^7.7.2
  dependenciesMeta:
    "@img/sharp-darwin-arm64":
      optional: true
    "@img/sharp-darwin-x64":
      optional: true
    "@img/sharp-libvips-darwin-arm64":
      optional: true
    "@img/sharp-libvips-darwin-x64":
      optional: true
    "@img/sharp-libvips-linux-arm":
      optional: true
    "@img/sharp-libvips-linux-arm64":
      optional: true
    "@img/sharp-libvips-linux-ppc64":
      optional: true
    "@img/sharp-libvips-linux-s390x":
      optional: true
    "@img/sharp-libvips-linux-x64":
      optional: true
    "@img/sharp-libvips-linuxmusl-arm64":
      optional: true
    "@img/sharp-libvips-linuxmusl-x64":
      optional: true
    "@img/sharp-linux-arm":
      optional: true
    "@img/sharp-linux-arm64":
      optional: true
    "@img/sharp-linux-ppc64":
      optional: true
    "@img/sharp-linux-s390x":
      optional: true
    "@img/sharp-linux-x64":
      optional: true
    "@img/sharp-linuxmusl-arm64":
      optional: true
    "@img/sharp-linuxmusl-x64":
      optional: true
    "@img/sharp-wasm32":
      optional: true
    "@img/sharp-win32-arm64":
      optional: true
    "@img/sharp-win32-ia32":
      optional: true
    "@img/sharp-win32-x64":
      optional: true
  checksum: f1d70751ab15080957f1a5db5583d00b002e644878e3e9a6d00bdbb31255f6e9df218ef82d96d3588b83023681f35bcf03e265a44e214b11306ef3fb439ac04d
  languageName: node
  linkType: hard

"simple-swizzle@npm:^0.2.2":
  version: 0.2.2
  resolution: "simple-swizzle@npm:0.2.2"
  dependencies:
    is-arrayish: ^0.3.1
  checksum: a7f3f2ab5c76c4472d5c578df892e857323e452d9f392e1b5cf74b74db66e6294a1e1b8b390b519fa1b96b5b613f2a37db6cffef52c3f1f8f3c5ea64eb2d54c0
  languageName: node
  linkType: hard

"source-map-js@npm:^1.0.2, source-map-js@npm:^1.2.1":
  version: 1.2.1
  resolution: "source-map-js@npm:1.2.1"
  checksum: 4eb0cd997cdf228bc253bcaff9340afeb706176e64868ecd20efbe6efea931465f43955612346d6b7318789e5265bdc419bc7669c1cebe3db0eb255f57efa76b
  languageName: node
  linkType: hard

"styled-components@npm:^6.1.13":
  version: 6.1.19
  resolution: "styled-components@npm:6.1.19"
  dependencies:
    "@emotion/is-prop-valid": 1.2.2
    "@emotion/unitless": 0.8.1
    "@types/stylis": 4.2.5
    css-to-react-native: 3.2.0
    csstype: 3.1.3
    postcss: 8.4.49
    shallowequal: 1.1.0
    stylis: 4.3.2
    tslib: 2.6.2
  peerDependencies:
    react: ">= 16.8.0"
    react-dom: ">= 16.8.0"
  checksum: f631f53e5358fdf403e9c3a5cff14ac13bbffd585cb9b9891ec54b7d250410b174b45928086ad65752bd0729a334a134dac13abd4517bb5f88751ee0a9456500
  languageName: node
  linkType: hard

"styled-jsx@npm:5.1.6":
  version: 5.1.6
  resolution: "styled-jsx@npm:5.1.6"
  dependencies:
    client-only: 0.0.1
  peerDependencies:
    react: ">= 16.8.0 || 17.x.x || ^18.0.0-0 || ^19.0.0-0"
  peerDependenciesMeta:
    "@babel/core":
      optional: true
    babel-plugin-macros:
      optional: true
  checksum: 879ad68e3e81adcf4373038aaafe55f968294955593660e173fbf679204aff158c59966716a60b29af72dc88795cfb2c479b6d2c3c87b2b2d282f3e27cc66461
  languageName: node
  linkType: hard

"stylis@npm:4.3.2":
  version: 4.3.2
  resolution: "stylis@npm:4.3.2"
  checksum: 0faa8a97ff38369f47354376cd9f0def9bf12846da54c28c5987f64aaf67dcb6f00dce88a8632013bfb823b2c4d1d62a44f4ac20363a3505a7ab4e21b70179fc
  languageName: node
  linkType: hard

"swiper@npm:^11.1.15":
  version: 11.2.10
  resolution: "swiper@npm:11.2.10"
  checksum: a40ee5e252670d5b674f46517a2b6cb9477dff15cfccaa2dfdaf797a2de373e1c488302d1daeebe1b237c4bccc20238c3aed2c4a15f06db02be63e7936e94be5
  languageName: node
  linkType: hard

"tailwindcss@npm:4.1.11, tailwindcss@npm:^4":
  version: 4.1.11
  resolution: "tailwindcss@npm:4.1.11"
  checksum: db5883219aa7b4192aa13a028547867c5d6c18b3438b99c25ac7af64c3f9475d1b96970cb27f52f6f53789bb91d8fc4ed8e7f181c73ba7dda721cf5a44983804
  languageName: node
  linkType: hard

"tapable@npm:^2.2.0":
  version: 2.2.2
  resolution: "tapable@npm:2.2.2"
  checksum: 781b3666f4454eb506fd2bcd985c1994f2b93884ea88a7a2a5be956cad8337b31128a7591e771f7aab8e247993b2a0887d360a2d4f54382902ed89994c102740
  languageName: node
  linkType: hard

"tar@npm:^7.4.3":
  version: 7.4.3
  resolution: "tar@npm:7.4.3"
  dependencies:
    "@isaacs/fs-minipass": ^4.0.0
    chownr: ^3.0.0
    minipass: ^7.1.2
    minizlib: ^3.0.1
    mkdirp: ^3.0.1
    yallist: ^5.0.0
  checksum: 8485350c0688331c94493031f417df069b778aadb25598abdad51862e007c39d1dd5310702c7be4a6784731a174799d8885d2fde0484269aea205b724d7b2ffa
  languageName: node
  linkType: hard

"tslib@npm:2.6.2":
  version: 2.6.2
  resolution: "tslib@npm:2.6.2"
  checksum: 329ea56123005922f39642318e3d1f0f8265d1e7fcb92c633e0809521da75eeaca28d2cf96d7248229deb40e5c19adf408259f4b9640afd20d13aecc1430f3ad
  languageName: node
  linkType: hard

"tslib@npm:^2.4.0, tslib@npm:^2.8.0":
  version: 2.8.1
  resolution: "tslib@npm:2.8.1"
  checksum: e4aba30e632b8c8902b47587fd13345e2827fa639e7c3121074d5ee0880723282411a8838f830b55100cbe4517672f84a2472667d355b81e8af165a55dc6203a
  languageName: node
  linkType: hard

"yallist@npm:^5.0.0":
  version: 5.0.0
  resolution: "yallist@npm:5.0.0"
  checksum: eba51182400b9f35b017daa7f419f434424410691bbc5de4f4240cc830fdef906b504424992700dc047f16b4d99100a6f8b8b11175c193f38008e9c96322b6a5
  languageName: node
  linkType: hard
